
Microsoft Visual Studio Solution File, Format Version 12.00
# Visual Studio Version 17
VisualStudioVersion = 17.8.34309.116
MinimumVisualStudioVersion = 10.0.40219.1
Project("{FAE04EC0-301F-11D3-BF4B-00C04F79EFBC}") = "Domain", "Domain\Domain.csproj", "{6AEAC219-14BC-411A-84B9-0D6D7E8F2F65}"
EndProject
Project("{FAE04EC0-301F-11D3-BF4B-00C04F79EFBC}") = "Infrastructure", "Infrastructure\Infrastructure.csproj", "{33AC2031-8E9B-4A43-BBC5-EC63DE76DBB4}"
EndProject
Project("{FAE04EC0-301F-11D3-BF4B-00C04F79EFBC}") = "Application", "Executador\Application.csproj", "{E01FEA06-3BC0-4D89-9C0E-FDDA98D90012}"
EndProject
Global
	GlobalSection(SolutionConfigurationPlatforms) = preSolution
		Debug|Any CPU = Debug|Any CPU
		Release|Any CPU = Release|Any CPU
	EndGlobalSection
	GlobalSection(ProjectConfigurationPlatforms) = postSolution
		{6AEAC219-14BC-411A-84B9-0D6D7E8F2F65}.Debug|Any CPU.ActiveCfg = Debug|Any CPU
		{6AEAC219-14BC-411A-84B9-0D6D7E8F2F65}.Debug|Any CPU.Build.0 = Debug|Any CPU
		{6AEAC219-14BC-411A-84B9-0D6D7E8F2F65}.Release|Any CPU.ActiveCfg = Release|Any CPU
		{6AEAC219-14BC-411A-84B9-0D6D7E8F2F65}.Release|Any CPU.Build.0 = Release|Any CPU
		{33AC2031-8E9B-4A43-BBC5-EC63DE76DBB4}.Debug|Any CPU.ActiveCfg = Debug|Any CPU
		{33AC2031-8E9B-4A43-BBC5-EC63DE76DBB4}.Debug|Any CPU.Build.0 = Debug|Any CPU
		{33AC2031-8E9B-4A43-BBC5-EC63DE76DBB4}.Release|Any CPU.ActiveCfg = Release|Any CPU
		{33AC2031-8E9B-4A43-BBC5-EC63DE76DBB4}.Release|Any CPU.Build.0 = Release|Any CPU
		{E01FEA06-3BC0-4D89-9C0E-FDDA98D90012}.Debug|Any CPU.ActiveCfg = Debug|Any CPU
		{E01FEA06-3BC0-4D89-9C0E-FDDA98D90012}.Debug|Any CPU.Build.0 = Debug|Any CPU
		{E01FEA06-3BC0-4D89-9C0E-FDDA98D90012}.Release|Any CPU.ActiveCfg = Release|Any CPU
		{E01FEA06-3BC0-4D89-9C0E-FDDA98D90012}.Release|Any CPU.Build.0 = Release|Any CPU
	EndGlobalSection
	GlobalSection(SolutionProperties) = preSolution
		HideSolutionNode = FALSE
	EndGlobalSection
	GlobalSection(ExtensibilityGlobals) = postSolution
		SolutionGuid = {9B566B2E-56A1-4800-A97E-0FC57D4FA0C7}
	EndGlobalSection
EndGlobal
