
Microsoft Visual Studio Solution File, Format Version 12.00
# Visual Studio Version 17
VisualStudioVersion = 17.8.34309.116
MinimumVisualStudioVersion = 10.0.40219.1
Project("{FAE04EC0-301F-11D3-BF4B-00C04F79EFBC}") = "GerenciadorDeTarefas", "GerenciadorDeTarefas\GerenciadorDeTarefas.csproj", "{25B3585B-0A54-47E0-BF22-3E9F5AE2345C}"
EndProject
Global
	GlobalSection(SolutionConfigurationPlatforms) = preSolution
		Debug|Any CPU = Debug|Any CPU
		Release|Any CPU = Release|Any CPU
	EndGlobalSection
	GlobalSection(ProjectConfigurationPlatforms) = postSolution
		{25B3585B-0A54-47E0-BF22-3E9F5AE2345C}.Debug|Any CPU.ActiveCfg = Debug|Any CPU
		{25B3585B-0A54-47E0-BF22-3E9F5AE2345C}.Debug|Any CPU.Build.0 = Debug|Any CPU
		{25B3585B-0A54-47E0-BF22-3E9F5AE2345C}.Release|Any CPU.ActiveCfg = Release|Any CPU
		{25B3585B-0A54-47E0-BF22-3E9F5AE2345C}.Release|Any CPU.Build.0 = Release|Any CPU
	EndGlobalSection
	GlobalSection(SolutionProperties) = preSolution
		HideSolutionNode = FALSE
	EndGlobalSection
	GlobalSection(ExtensibilityGlobals) = postSolution
		SolutionGuid = {9B566B2E-56A1-4800-A97E-0FC57D4FA0C7}
	EndGlobalSection
EndGlobal
